
Microsoft Visual Studio Solution File, Format Version 12.00
# Visual Studio Version 16
VisualStudioVersion = 16.0.31410.357
MinimumVisualStudioVersion = 10.0.40219.1
Project("{FAE04EC0-301F-11D3-BF4B-00C04F79EFBC}") = "Datagridview", "Datagridview\Datagridview.csproj", "{DD8CBCA8-50E2-4D75-8EA1-27BD6EFDF439}"
EndProject
Global
	GlobalSection(SolutionConfigurationPlatforms) = preSolution
		Debug|Any CPU = Debug|Any CPU
		Release|Any CPU = Release|Any CPU
	EndGlobalSection
	GlobalSection(ProjectConfigurationPlatforms) = postSolution
		{DD8CBCA8-50E2-4D75-8EA1-27BD6EFDF439}.Debug|Any CPU.ActiveCfg = Debug|Any CPU
		{DD8CBCA8-50E2-4D75-8EA1-27BD6EFDF439}.Debug|Any CPU.Build.0 = Debug|Any CPU
		{DD8CBCA8-50E2-4D75-8EA1-27BD6EFDF439}.Release|Any CPU.ActiveCfg = Release|Any CPU
		{DD8CBCA8-50E2-4D75-8EA1-27BD6EFDF439}.Release|Any CPU.Build.0 = Release|Any CPU
	EndGlobalSection
	GlobalSection(SolutionProperties) = preSolution
		HideSolutionNode = FALSE
	EndGlobalSection
	GlobalSection(ExtensibilityGlobals) = postSolution
		SolutionGuid = {E6DEF602-ADFF-4301-90E3-2C4742988391}
	EndGlobalSection
EndGlobal
